
Microsoft Visual Studio Solution File, Format Version 12.00
# Visual Studio 2012
Project("{FAE04EC0-301F-11D3-BF4B-00C04F79EFBC}") = "mBlogEngine.Domain", "mBlogEngine.Domain\mBlogEngine.Domain.csproj", "{3B8B005B-E9EC-40ED-A10B-AB413AA1E4C8}"
EndProject
Project("{FAE04EC0-301F-11D3-BF4B-00C04F79EFBC}") = "mBlogEngine.Domain.Tests", "mBlogEngine.Domain.Tests\mBlogEngine.Domain.Tests.csproj", "{FEDD69CB-BD6F-4682-BAC9-DEAE6E445836}"
EndProject
Project("{FAE04EC0-301F-11D3-BF4B-00C04F79EFBC}") = "mBlogEngine.Admin", "mBlogEngine.Admin\mBlogEngine.Admin.csproj", "{667937BC-A2A3-48BD-9F62-B6A14704F2F4}"
EndProject
Project("{FAE04EC0-301F-11D3-BF4B-00C04F79EFBC}") = "mBlogEngine.Admin.Tests", "mBlogEngine.Admin.Tests\mBlogEngine.Admin.Tests.csproj", "{C3A0D285-09AA-45DE-B26F-8B1F5C453924}"
EndProject
Global
	GlobalSection(SolutionConfigurationPlatforms) = preSolution
		Debug|Any CPU = Debug|Any CPU
		Release|Any CPU = Release|Any CPU
	EndGlobalSection
	GlobalSection(ProjectConfigurationPlatforms) = postSolution
		{3B8B005B-E9EC-40ED-A10B-AB413AA1E4C8}.Debug|Any CPU.ActiveCfg = Debug|Any CPU
		{3B8B005B-E9EC-40ED-A10B-AB413AA1E4C8}.Debug|Any CPU.Build.0 = Debug|Any CPU
		{3B8B005B-E9EC-40ED-A10B-AB413AA1E4C8}.Release|Any CPU.ActiveCfg = Release|Any CPU
		{3B8B005B-E9EC-40ED-A10B-AB413AA1E4C8}.Release|Any CPU.Build.0 = Release|Any CPU
		{FEDD69CB-BD6F-4682-BAC9-DEAE6E445836}.Debug|Any CPU.ActiveCfg = Debug|Any CPU
		{FEDD69CB-BD6F-4682-BAC9-DEAE6E445836}.Debug|Any CPU.Build.0 = Debug|Any CPU
		{FEDD69CB-BD6F-4682-BAC9-DEAE6E445836}.Release|Any CPU.ActiveCfg = Release|Any CPU
		{FEDD69CB-BD6F-4682-BAC9-DEAE6E445836}.Release|Any CPU.Build.0 = Release|Any CPU
		{667937BC-A2A3-48BD-9F62-B6A14704F2F4}.Debug|Any CPU.ActiveCfg = Debug|Any CPU
		{667937BC-A2A3-48BD-9F62-B6A14704F2F4}.Debug|Any CPU.Build.0 = Debug|Any CPU
		{667937BC-A2A3-48BD-9F62-B6A14704F2F4}.Release|Any CPU.ActiveCfg = Release|Any CPU
		{667937BC-A2A3-48BD-9F62-B6A14704F2F4}.Release|Any CPU.Build.0 = Release|Any CPU
		{C3A0D285-09AA-45DE-B26F-8B1F5C453924}.Debug|Any CPU.ActiveCfg = Debug|Any CPU
		{C3A0D285-09AA-45DE-B26F-8B1F5C453924}.Debug|Any CPU.Build.0 = Debug|Any CPU
		{C3A0D285-09AA-45DE-B26F-8B1F5C453924}.Release|Any CPU.ActiveCfg = Release|Any CPU
		{C3A0D285-09AA-45DE-B26F-8B1F5C453924}.Release|Any CPU.Build.0 = Release|Any CPU
	EndGlobalSection
	GlobalSection(SolutionProperties) = preSolution
		HideSolutionNode = FALSE
	EndGlobalSection
EndGlobal
